
Microsoft Visual Studio Solution File, Format Version 12.00
# Visual Studio 15
VisualStudioVersion = 15.0.27130.2010
MinimumVisualStudioVersion = 10.0.40219.1
Project("{FAE04EC0-301F-11D3-BF4B-00C04F79EFBC}") = "Domain", "Domain\Domain.csproj", "{524AAD2A-2F24-4DDA-B550-EFCFB6130E1E}"
EndProject
Project("{FAE04EC0-301F-11D3-BF4B-00C04F79EFBC}") = "Presentation", "Presentation\Presentation.csproj", "{49D0148F-B598-4083-8007-C20B229FAF54}"
EndProject
Global
	GlobalSection(SolutionConfigurationPlatforms) = preSolution
		Debug|Any CPU = Debug|Any CPU
		Release|Any CPU = Release|Any CPU
	EndGlobalSection
	GlobalSection(ProjectConfigurationPlatforms) = postSolution
		{524AAD2A-2F24-4DDA-B550-EFCFB6130E1E}.Debug|Any CPU.ActiveCfg = Debug|Any CPU
		{524AAD2A-2F24-4DDA-B550-EFCFB6130E1E}.Debug|Any CPU.Build.0 = Debug|Any CPU
		{524AAD2A-2F24-4DDA-B550-EFCFB6130E1E}.Release|Any CPU.ActiveCfg = Release|Any CPU
		{524AAD2A-2F24-4DDA-B550-EFCFB6130E1E}.Release|Any CPU.Build.0 = Release|Any CPU
		{49D0148F-B598-4083-8007-C20B229FAF54}.Debug|Any CPU.ActiveCfg = Debug|Any CPU
		{49D0148F-B598-4083-8007-C20B229FAF54}.Debug|Any CPU.Build.0 = Debug|Any CPU
		{49D0148F-B598-4083-8007-C20B229FAF54}.Release|Any CPU.ActiveCfg = Release|Any CPU
		{49D0148F-B598-4083-8007-C20B229FAF54}.Release|Any CPU.Build.0 = Release|Any CPU
	EndGlobalSection
	GlobalSection(SolutionProperties) = preSolution
		HideSolutionNode = FALSE
	EndGlobalSection
	GlobalSection(ExtensibilityGlobals) = postSolution
		SolutionGuid = {6DB87116-77AB-4262-A692-3C13A4883ED3}
	EndGlobalSection
EndGlobal
